
Microsoft Visual Studio Solution File, Format Version 12.00
# Visual Studio Version 17
VisualStudioVersion = 17.14.36414.22
MinimumVisualStudioVersion = 10.0.40219.1
Project("{2150E333-8FDC-42A3-9474-1A3956D46DE8}") = "Task0", "Task0", "{02EA681E-C7D8-13C7-8484-4AC65E1B71E8}"
EndProject
Project("{FAE04EC0-301F-11D3-BF4B-00C04F79EFBC}") = "Tyuiu.DatskiyDE.Sprint3.Task0.V30", "Tyuiu.DatskiyDE.Sprint3.Task0.V30\Tyuiu.DatskiyDE.Sprint3.Task0.V30.csproj", "{0A940F33-1BEC-427E-B9AE-42EE5AB63873}"
EndProject
Project("{FAE04EC0-301F-11D3-BF4B-00C04F79EFBC}") = "Tyuiu.DatskiyDE.Sprint3.Task0.V30.Lib", "Tyuiu.DatskiyDE.Sprint3.Task0.V30.Lib\Tyuiu.DatskiyDE.Sprint3.Task0.V30.Lib.csproj", "{3035729F-6B1D-40C0-A4B6-4B8E92040E3A}"
EndProject
Project("{FAE04EC0-301F-11D3-BF4B-00C04F79EFBC}") = "Tyuiu.DatskiyDE.Sprint3.Task0.V30.Test", "Tyuiu.DatskiyDE.Sprint3.Task0.V30.Test\Tyuiu.DatskiyDE.Sprint3.Task0.V30.Test.csproj", "{F9CDCA96-EF60-4717-BA6B-02A800FA76B5}"
EndProject
Project("{2150E333-8FDC-42A3-9474-1A3956D46DE8}") = "Task1", "Task1", "{FD666C7D-3D12-4EAD-99A0-077972546C92}"
EndProject
Project("{FAE04EC0-301F-11D3-BF4B-00C04F79EFBC}") = "Tyuiu.DatskiyDE.Sprint3.Task1.V27", "Tyuiu.DatskiyDE.Sprint3.Task1.V27\Tyuiu.DatskiyDE.Sprint3.Task1.V27.csproj", "{09DEB2BD-7244-4412-A549-0E0A68394361}"
EndProject
Project("{FAE04EC0-301F-11D3-BF4B-00C04F79EFBC}") = "Tyuiu.DatskiyDE.Sprint3.Task1.V27.Test", "Tyuiu.DatskiyDE.Sprint3.Task1.V27.Test\Tyuiu.DatskiyDE.Sprint3.Task1.V27.Test.csproj", "{A6465ADE-5470-4187-9F8F-E3085C302A5C}"
EndProject
Project("{FAE04EC0-301F-11D3-BF4B-00C04F79EFBC}") = "Tyuiu.DatskiyDE.Sprint3.Task1.V27.Lib", "Tyuiu.DatskiyDE.Sprint3.Task1.V27.Lib\Tyuiu.DatskiyDE.Sprint3.Task1.V27.Lib.csproj", "{9BC1AE4E-C419-485D-94D5-82C313A9B551}"
EndProject
Project("{2150E333-8FDC-42A3-9474-1A3956D46DE8}") = "Task2", "Task2", "{E4131416-A97B-4FCD-B4F4-A789DB486AE5}"
EndProject
Project("{FAE04EC0-301F-11D3-BF4B-00C04F79EFBC}") = "Tyuiu.DatskiyDE.Sprint3.Task2.V21", "Tyuiu.DatskiyDE.Sprint3.Task2.V21\Tyuiu.DatskiyDE.Sprint3.Task2.V21.csproj", "{B4FA7140-9F60-4622-9FC7-8989172BA875}"
EndProject
Project("{FAE04EC0-301F-11D3-BF4B-00C04F79EFBC}") = "Tyuiu.DatskiyDE.Sprint3.Task2.V21.Lib", "Tyuiu.DatskiyDE.Sprint3.Task2.V21.Lib\Tyuiu.DatskiyDE.Sprint3.Task2.V21.Lib.csproj", "{46263535-DC4A-4A2E-A76F-E10C5D3E3E4E}"
EndProject
Project("{FAE04EC0-301F-11D3-BF4B-00C04F79EFBC}") = "Tyuiu.DatskiyDE.Sprint3.Task2.V21.Test", "Tyuiu.DatskiyDE.Sprint3.Task2.V21.Test\Tyuiu.DatskiyDE.Sprint3.Task2.V21.Test.csproj", "{C8D31C52-7963-4BEA-935E-301B9FC241B3}"
EndProject
Project("{2150E333-8FDC-42A3-9474-1A3956D46DE8}") = "Task3", "Task3", "{0096C945-52D9-4131-B3E5-136551FA4011}"
EndProject
Project("{FAE04EC0-301F-11D3-BF4B-00C04F79EFBC}") = "Tyuiu.DatskiyDE.Sprint3.Task3.V7", "Tyuiu.DatskiyDE.Sprint3.Task3.V7\Tyuiu.DatskiyDE.Sprint3.Task3.V7.csproj", "{8BF355CB-98FE-42A6-A74D-7EAC63A25A75}"
EndProject
Project("{FAE04EC0-301F-11D3-BF4B-00C04F79EFBC}") = "Tyuiu.DatskiyDE.Sprint3.Task3.V7.Lib", "Tyuiu.DatskiyDE.Sprint3.Task3.V7.Lib\Tyuiu.DatskiyDE.Sprint3.Task3.V7.Lib.csproj", "{4E47E9A1-3229-4CB6-A157-CDBD5D0C0267}"
EndProject
Project("{FAE04EC0-301F-11D3-BF4B-00C04F79EFBC}") = "Tyuiu.DatskiyDE.Sprint3.Task3.V7.Test", "Tyuiu.DatskiyDE.Sprint3.Task3.V7.Test\Tyuiu.DatskiyDE.Sprint3.Task3.V7.Test.csproj", "{6239BEFB-D1DF-4EBC-9337-39149F422005}"
EndProject
Project("{2150E333-8FDC-42A3-9474-1A3956D46DE8}") = "Task4", "Task4", "{35ABFB97-94A9-491C-AC44-D9A479E20E7E}"
EndProject
Project("{FAE04EC0-301F-11D3-BF4B-00C04F79EFBC}") = "Tyuiu.DatskiyDE.Sprint3.Task4.V3", "Tyuiu.DatskiyDE.Sprint3.Task4.V3\Tyuiu.DatskiyDE.Sprint3.Task4.V3.csproj", "{2564BAA4-D4B7-4BC5-9231-A00149AA47CC}"
EndProject
Project("{FAE04EC0-301F-11D3-BF4B-00C04F79EFBC}") = "Tyuiu.DatskiyDE.Sprint3.Task4.V3.Lib", "Tyuiu.DatskiyDE.Sprint3.Task4.V3.Lib\Tyuiu.DatskiyDE.Sprint3.Task4.V3.Lib.csproj", "{24E6B0DB-C5DC-45CD-B12B-5834688368EE}"
EndProject
Project("{FAE04EC0-301F-11D3-BF4B-00C04F79EFBC}") = "Tyuiu.DatskiyDE.Sprint3.Task4.V3.Test", "Tyuiu.DatskiyDE.Sprint3.Task4.V3.Test\Tyuiu.DatskiyDE.Sprint3.Task4.V3.Test.csproj", "{754A507E-98F6-44E3-9203-F6888F60B595}"
EndProject
Project("{2150E333-8FDC-42A3-9474-1A3956D46DE8}") = "Task5", "Task5", "{3B84AB2E-5FEA-42EB-B8A9-A9F13AA98893}"
EndProject
Project("{FAE04EC0-301F-11D3-BF4B-00C04F79EFBC}") = "Tyuiu.DatskiyDE.Sprint3.Task5.V24", "Tyuiu.DatskiyDE.Sprint3.Task5.V24\Tyuiu.DatskiyDE.Sprint3.Task5.V24.csproj", "{6BF5010A-6873-4BE9-A62B-1C492C776279}"
EndProject
Project("{FAE04EC0-301F-11D3-BF4B-00C04F79EFBC}") = "Tyuiu.DatskiyDE.Sprint3.Task5.V24.Lib", "Tyuiu.DatskiyDE.Sprint3.Task5.V24.Lib\Tyuiu.DatskiyDE.Sprint3.Task5.V24.Lib.csproj", "{C6CFBDF2-3258-43E7-BB1F-BB80E572497B}"
EndProject
Project("{FAE04EC0-301F-11D3-BF4B-00C04F79EFBC}") = "Tyuiu.DatskiyDE.Sprint3.Task5.V24.Test", "Tyuiu.DatskiyDE.Sprint3.Task5.V24.Test\Tyuiu.DatskiyDE.Sprint3.Task5.V24.Test.csproj", "{3561FB7F-4FEC-4737-8FF1-DADEC169133D}"
EndProject
Project("{2150E333-8FDC-42A3-9474-1A3956D46DE8}") = "NewFolder1", "NewFolder1", "{A8DF5898-E3CD-4EA1-BEF1-3A243F7256FE}"
EndProject
Global
	GlobalSection(SolutionConfigurationPlatforms) = preSolution
		Debug|Any CPU = Debug|Any CPU
		Release|Any CPU = Release|Any CPU
	EndGlobalSection
	GlobalSection(ProjectConfigurationPlatforms) = postSolution
		{0A940F33-1BEC-427E-B9AE-42EE5AB63873}.Debug|Any CPU.ActiveCfg = Debug|Any CPU
		{0A940F33-1BEC-427E-B9AE-42EE5AB63873}.Debug|Any CPU.Build.0 = Debug|Any CPU
		{0A940F33-1BEC-427E-B9AE-42EE5AB63873}.Release|Any CPU.ActiveCfg = Release|Any CPU
		{0A940F33-1BEC-427E-B9AE-42EE5AB63873}.Release|Any CPU.Build.0 = Release|Any CPU
		{3035729F-6B1D-40C0-A4B6-4B8E92040E3A}.Debug|Any CPU.ActiveCfg = Debug|Any CPU
		{3035729F-6B1D-40C0-A4B6-4B8E92040E3A}.Debug|Any CPU.Build.0 = Debug|Any CPU
		{3035729F-6B1D-40C0-A4B6-4B8E92040E3A}.Release|Any CPU.ActiveCfg = Release|Any CPU
		{3035729F-6B1D-40C0-A4B6-4B8E92040E3A}.Release|Any CPU.Build.0 = Release|Any CPU
		{F9CDCA96-EF60-4717-BA6B-02A800FA76B5}.Debug|Any CPU.ActiveCfg = Debug|Any CPU
		{F9CDCA96-EF60-4717-BA6B-02A800FA76B5}.Debug|Any CPU.Build.0 = Debug|Any CPU
		{F9CDCA96-EF60-4717-BA6B-02A800FA76B5}.Release|Any CPU.ActiveCfg = Release|Any CPU
		{F9CDCA96-EF60-4717-BA6B-02A800FA76B5}.Release|Any CPU.Build.0 = Release|Any CPU
		{09DEB2BD-7244-4412-A549-0E0A68394361}.Debug|Any CPU.ActiveCfg = Debug|Any CPU
		{09DEB2BD-7244-4412-A549-0E0A68394361}.Debug|Any CPU.Build.0 = Debug|Any CPU
		{09DEB2BD-7244-4412-A549-0E0A68394361}.Release|Any CPU.ActiveCfg = Release|Any CPU
		{09DEB2BD-7244-4412-A549-0E0A68394361}.Release|Any CPU.Build.0 = Release|Any CPU
		{A6465ADE-5470-4187-9F8F-E3085C302A5C}.Debug|Any CPU.ActiveCfg = Debug|Any CPU
		{A6465ADE-5470-4187-9F8F-E3085C302A5C}.Debug|Any CPU.Build.0 = Debug|Any CPU
		{A6465ADE-5470-4187-9F8F-E3085C302A5C}.Release|Any CPU.ActiveCfg = Release|Any CPU
		{A6465ADE-5470-4187-9F8F-E3085C302A5C}.Release|Any CPU.Build.0 = Release|Any CPU
		{9BC1AE4E-C419-485D-94D5-82C313A9B551}.Debug|Any CPU.ActiveCfg = Debug|Any CPU
		{9BC1AE4E-C419-485D-94D5-82C313A9B551}.Debug|Any CPU.Build.0 = Debug|Any CPU
		{9BC1AE4E-C419-485D-94D5-82C313A9B551}.Release|Any CPU.ActiveCfg = Release|Any CPU
		{9BC1AE4E-C419-485D-94D5-82C313A9B551}.Release|Any CPU.Build.0 = Release|Any CPU
		{B4FA7140-9F60-4622-9FC7-8989172BA875}.Debug|Any CPU.ActiveCfg = Debug|Any CPU
		{B4FA7140-9F60-4622-9FC7-8989172BA875}.Debug|Any CPU.Build.0 = Debug|Any CPU
		{B4FA7140-9F60-4622-9FC7-8989172BA875}.Release|Any CPU.ActiveCfg = Release|Any CPU
		{B4FA7140-9F60-4622-9FC7-8989172BA875}.Release|Any CPU.Build.0 = Release|Any CPU
		{46263535-DC4A-4A2E-A76F-E10C5D3E3E4E}.Debug|Any CPU.ActiveCfg = Debug|Any CPU
		{46263535-DC4A-4A2E-A76F-E10C5D3E3E4E}.Debug|Any CPU.Build.0 = Debug|Any CPU
		{46263535-DC4A-4A2E-A76F-E10C5D3E3E4E}.Release|Any CPU.ActiveCfg = Release|Any CPU
		{46263535-DC4A-4A2E-A76F-E10C5D3E3E4E}.Release|Any CPU.Build.0 = Release|Any CPU
		{C8D31C52-7963-4BEA-935E-301B9FC241B3}.Debug|Any CPU.ActiveCfg = Debug|Any CPU
		{C8D31C52-7963-4BEA-935E-301B9FC241B3}.Debug|Any CPU.Build.0 = Debug|Any CPU
		{C8D31C52-7963-4BEA-935E-301B9FC241B3}.Release|Any CPU.ActiveCfg = Release|Any CPU
		{C8D31C52-7963-4BEA-935E-301B9FC241B3}.Release|Any CPU.Build.0 = Release|Any CPU
		{8BF355CB-98FE-42A6-A74D-7EAC63A25A75}.Debug|Any CPU.ActiveCfg = Debug|Any CPU
		{8BF355CB-98FE-42A6-A74D-7EAC63A25A75}.Debug|Any CPU.Build.0 = Debug|Any CPU
		{8BF355CB-98FE-42A6-A74D-7EAC63A25A75}.Release|Any CPU.ActiveCfg = Release|Any CPU
		{8BF355CB-98FE-42A6-A74D-7EAC63A25A75}.Release|Any CPU.Build.0 = Release|Any CPU
		{4E47E9A1-3229-4CB6-A157-CDBD5D0C0267}.Debug|Any CPU.ActiveCfg = Debug|Any CPU
		{4E47E9A1-3229-4CB6-A157-CDBD5D0C0267}.Debug|Any CPU.Build.0 = Debug|Any CPU
		{4E47E9A1-3229-4CB6-A157-CDBD5D0C0267}.Release|Any CPU.ActiveCfg = Release|Any CPU
		{4E47E9A1-3229-4CB6-A157-CDBD5D0C0267}.Release|Any CPU.Build.0 = Release|Any CPU
		{6239BEFB-D1DF-4EBC-9337-39149F422005}.Debug|Any CPU.ActiveCfg = Debug|Any CPU
		{6239BEFB-D1DF-4EBC-9337-39149F422005}.Debug|Any CPU.Build.0 = Debug|Any CPU
		{6239BEFB-D1DF-4EBC-9337-39149F422005}.Release|Any CPU.ActiveCfg = Release|Any CPU
		{6239BEFB-D1DF-4EBC-9337-39149F422005}.Release|Any CPU.Build.0 = Release|Any CPU
		{2564BAA4-D4B7-4BC5-9231-A00149AA47CC}.Debug|Any CPU.ActiveCfg = Debug|Any CPU
		{2564BAA4-D4B7-4BC5-9231-A00149AA47CC}.Debug|Any CPU.Build.0 = Debug|Any CPU
		{2564BAA4-D4B7-4BC5-9231-A00149AA47CC}.Release|Any CPU.ActiveCfg = Release|Any CPU
		{2564BAA4-D4B7-4BC5-9231-A00149AA47CC}.Release|Any CPU.Build.0 = Release|Any CPU
		{24E6B0DB-C5DC-45CD-B12B-5834688368EE}.Debug|Any CPU.ActiveCfg = Debug|Any CPU
		{24E6B0DB-C5DC-45CD-B12B-5834688368EE}.Debug|Any CPU.Build.0 = Debug|Any CPU
		{24E6B0DB-C5DC-45CD-B12B-5834688368EE}.Release|Any CPU.ActiveCfg = Release|Any CPU
		{24E6B0DB-C5DC-45CD-B12B-5834688368EE}.Release|Any CPU.Build.0 = Release|Any CPU
		{754A507E-98F6-44E3-9203-F6888F60B595}.Debug|Any CPU.ActiveCfg = Debug|Any CPU
		{754A507E-98F6-44E3-9203-F6888F60B595}.Debug|Any CPU.Build.0 = Debug|Any CPU
		{754A507E-98F6-44E3-9203-F6888F60B595}.Release|Any CPU.ActiveCfg = Release|Any CPU
		{754A507E-98F6-44E3-9203-F6888F60B595}.Release|Any CPU.Build.0 = Release|Any CPU
		{6BF5010A-6873-4BE9-A62B-1C492C776279}.Debug|Any CPU.ActiveCfg = Debug|Any CPU
		{6BF5010A-6873-4BE9-A62B-1C492C776279}.Debug|Any CPU.Build.0 = Debug|Any CPU
		{6BF5010A-6873-4BE9-A62B-1C492C776279}.Release|Any CPU.ActiveCfg = Release|Any CPU
		{6BF5010A-6873-4BE9-A62B-1C492C776279}.Release|Any CPU.Build.0 = Release|Any CPU
		{C6CFBDF2-3258-43E7-BB1F-BB80E572497B}.Debug|Any CPU.ActiveCfg = Debug|Any CPU
		{C6CFBDF2-3258-43E7-BB1F-BB80E572497B}.Debug|Any CPU.Build.0 = Debug|Any CPU
		{C6CFBDF2-3258-43E7-BB1F-BB80E572497B}.Release|Any CPU.ActiveCfg = Release|Any CPU
		{C6CFBDF2-3258-43E7-BB1F-BB80E572497B}.Release|Any CPU.Build.0 = Release|Any CPU
		{3561FB7F-4FEC-4737-8FF1-DADEC169133D}.Debug|Any CPU.ActiveCfg = Debug|Any CPU
		{3561FB7F-4FEC-4737-8FF1-DADEC169133D}.Debug|Any CPU.Build.0 = Debug|Any CPU
		{3561FB7F-4FEC-4737-8FF1-DADEC169133D}.Release|Any CPU.ActiveCfg = Release|Any CPU
		{3561FB7F-4FEC-4737-8FF1-DADEC169133D}.Release|Any CPU.Build.0 = Release|Any CPU
	EndGlobalSection
	GlobalSection(SolutionProperties) = preSolution
		HideSolutionNode = FALSE
	EndGlobalSection
	GlobalSection(NestedProjects) = preSolution
		{0A940F33-1BEC-427E-B9AE-42EE5AB63873} = {02EA681E-C7D8-13C7-8484-4AC65E1B71E8}
		{3035729F-6B1D-40C0-A4B6-4B8E92040E3A} = {02EA681E-C7D8-13C7-8484-4AC65E1B71E8}
		{F9CDCA96-EF60-4717-BA6B-02A800FA76B5} = {02EA681E-C7D8-13C7-8484-4AC65E1B71E8}
		{09DEB2BD-7244-4412-A549-0E0A68394361} = {FD666C7D-3D12-4EAD-99A0-077972546C92}
		{A6465ADE-5470-4187-9F8F-E3085C302A5C} = {FD666C7D-3D12-4EAD-99A0-077972546C92}
		{9BC1AE4E-C419-485D-94D5-82C313A9B551} = {FD666C7D-3D12-4EAD-99A0-077972546C92}
		{B4FA7140-9F60-4622-9FC7-8989172BA875} = {E4131416-A97B-4FCD-B4F4-A789DB486AE5}
		{46263535-DC4A-4A2E-A76F-E10C5D3E3E4E} = {E4131416-A97B-4FCD-B4F4-A789DB486AE5}
		{C8D31C52-7963-4BEA-935E-301B9FC241B3} = {E4131416-A97B-4FCD-B4F4-A789DB486AE5}
		{8BF355CB-98FE-42A6-A74D-7EAC63A25A75} = {0096C945-52D9-4131-B3E5-136551FA4011}
		{4E47E9A1-3229-4CB6-A157-CDBD5D0C0267} = {0096C945-52D9-4131-B3E5-136551FA4011}
		{6239BEFB-D1DF-4EBC-9337-39149F422005} = {0096C945-52D9-4131-B3E5-136551FA4011}
		{2564BAA4-D4B7-4BC5-9231-A00149AA47CC} = {35ABFB97-94A9-491C-AC44-D9A479E20E7E}
		{24E6B0DB-C5DC-45CD-B12B-5834688368EE} = {35ABFB97-94A9-491C-AC44-D9A479E20E7E}
		{754A507E-98F6-44E3-9203-F6888F60B595} = {35ABFB97-94A9-491C-AC44-D9A479E20E7E}
		{6BF5010A-6873-4BE9-A62B-1C492C776279} = {3B84AB2E-5FEA-42EB-B8A9-A9F13AA98893}
		{C6CFBDF2-3258-43E7-BB1F-BB80E572497B} = {3B84AB2E-5FEA-42EB-B8A9-A9F13AA98893}
		{3561FB7F-4FEC-4737-8FF1-DADEC169133D} = {3B84AB2E-5FEA-42EB-B8A9-A9F13AA98893}
	EndGlobalSection
	GlobalSection(ExtensibilityGlobals) = postSolution
		SolutionGuid = {408740E7-5E9F-4B52-A60B-CD9300293C32}
	EndGlobalSection
EndGlobal
